
Microsoft Visual Studio Solution File, Format Version 12.00
# Visual Studio Version 17
VisualStudioVersion = 17.0.31912.275
MinimumVisualStudioVersion = 10.0.40219.1
Project("{9A19103F-16F7-4668-BE54-9A1E7A4F7556}") = "StockApp", "StockApp\StockApp.csproj", "{36EE6890-45F3-4E3F-8C2E-1B5C44A6618B}"
EndProject
Project("{9A19103F-16F7-4668-BE54-9A1E7A4F7556}") = "ServiceContracts", "ServiceContracts\ServiceContracts.csproj", "{FC8FD17C-CAD9-43CF-A7D8-56A00D0AA4E7}"
EndProject
Project("{9A19103F-16F7-4668-BE54-9A1E7A4F7556}") = "Services", "Services\Services.csproj", "{602A5025-8B9E-457A-B34A-C9F640E48C96}"
EndProject
Project("{9A19103F-16F7-4668-BE54-9A1E7A4F7556}") = "Entities", "Entities\Entities.csproj", "{9072770C-8404-4390-8015-D33ACA62D793}"
EndProject
Project("{9A19103F-16F7-4668-BE54-9A1E7A4F7556}") = "StockTest", "StockTest\StockTest.csproj", "{03E20539-5C00-4969-8DAF-CCB3915F8B7F}"
EndProject
Project("{9A19103F-16F7-4668-BE54-9A1E7A4F7556}") = "Repositories", "Repositories\Repositories.csproj", "{9CCEC133-317C-42C6-B0F0-DFCF72359CB4}"
EndProject
Project("{9A19103F-16F7-4668-BE54-9A1E7A4F7556}") = "RepositoryContracts", "RepositoryContracts\RepositoryContracts.csproj", "{9B10BADA-0AC0-4F8C-A326-25B402F70DC9}"
EndProject
Project("{FAE04EC0-301F-11D3-BF4B-00C04F79EFBC}") = "Exceptions", "Exceptions\Exceptions.csproj", "{333EFFA0-18BB-4434-9355-4E1C27B7DD01}"
EndProject
Global
	GlobalSection(SolutionConfigurationPlatforms) = preSolution
		Debug|Any CPU = Debug|Any CPU
		Release|Any CPU = Release|Any CPU
	EndGlobalSection
	GlobalSection(ProjectConfigurationPlatforms) = postSolution
		{36EE6890-45F3-4E3F-8C2E-1B5C44A6618B}.Debug|Any CPU.ActiveCfg = Debug|Any CPU
		{36EE6890-45F3-4E3F-8C2E-1B5C44A6618B}.Debug|Any CPU.Build.0 = Debug|Any CPU
		{36EE6890-45F3-4E3F-8C2E-1B5C44A6618B}.Release|Any CPU.ActiveCfg = Release|Any CPU
		{36EE6890-45F3-4E3F-8C2E-1B5C44A6618B}.Release|Any CPU.Build.0 = Release|Any CPU
		{FC8FD17C-CAD9-43CF-A7D8-56A00D0AA4E7}.Debug|Any CPU.ActiveCfg = Debug|Any CPU
		{FC8FD17C-CAD9-43CF-A7D8-56A00D0AA4E7}.Debug|Any CPU.Build.0 = Debug|Any CPU
		{FC8FD17C-CAD9-43CF-A7D8-56A00D0AA4E7}.Release|Any CPU.ActiveCfg = Release|Any CPU
		{FC8FD17C-CAD9-43CF-A7D8-56A00D0AA4E7}.Release|Any CPU.Build.0 = Release|Any CPU
		{602A5025-8B9E-457A-B34A-C9F640E48C96}.Debug|Any CPU.ActiveCfg = Debug|Any CPU
		{602A5025-8B9E-457A-B34A-C9F640E48C96}.Debug|Any CPU.Build.0 = Debug|Any CPU
		{602A5025-8B9E-457A-B34A-C9F640E48C96}.Release|Any CPU.ActiveCfg = Release|Any CPU
		{602A5025-8B9E-457A-B34A-C9F640E48C96}.Release|Any CPU.Build.0 = Release|Any CPU
		{9072770C-8404-4390-8015-D33ACA62D793}.Debug|Any CPU.ActiveCfg = Debug|Any CPU
		{9072770C-8404-4390-8015-D33ACA62D793}.Debug|Any CPU.Build.0 = Debug|Any CPU
		{9072770C-8404-4390-8015-D33ACA62D793}.Release|Any CPU.ActiveCfg = Release|Any CPU
		{9072770C-8404-4390-8015-D33ACA62D793}.Release|Any CPU.Build.0 = Release|Any CPU
		{03E20539-5C00-4969-8DAF-CCB3915F8B7F}.Debug|Any CPU.ActiveCfg = Debug|Any CPU
		{03E20539-5C00-4969-8DAF-CCB3915F8B7F}.Debug|Any CPU.Build.0 = Debug|Any CPU
		{03E20539-5C00-4969-8DAF-CCB3915F8B7F}.Release|Any CPU.ActiveCfg = Release|Any CPU
		{03E20539-5C00-4969-8DAF-CCB3915F8B7F}.Release|Any CPU.Build.0 = Release|Any CPU
		{9CCEC133-317C-42C6-B0F0-DFCF72359CB4}.Debug|Any CPU.ActiveCfg = Debug|Any CPU
		{9CCEC133-317C-42C6-B0F0-DFCF72359CB4}.Debug|Any CPU.Build.0 = Debug|Any CPU
		{9CCEC133-317C-42C6-B0F0-DFCF72359CB4}.Release|Any CPU.ActiveCfg = Release|Any CPU
		{9CCEC133-317C-42C6-B0F0-DFCF72359CB4}.Release|Any CPU.Build.0 = Release|Any CPU
		{9B10BADA-0AC0-4F8C-A326-25B402F70DC9}.Debug|Any CPU.ActiveCfg = Debug|Any CPU
		{9B10BADA-0AC0-4F8C-A326-25B402F70DC9}.Debug|Any CPU.Build.0 = Debug|Any CPU
		{9B10BADA-0AC0-4F8C-A326-25B402F70DC9}.Release|Any CPU.ActiveCfg = Release|Any CPU
		{9B10BADA-0AC0-4F8C-A326-25B402F70DC9}.Release|Any CPU.Build.0 = Release|Any CPU
		{333EFFA0-18BB-4434-9355-4E1C27B7DD01}.Debug|Any CPU.ActiveCfg = Debug|Any CPU
		{333EFFA0-18BB-4434-9355-4E1C27B7DD01}.Debug|Any CPU.Build.0 = Debug|Any CPU
		{333EFFA0-18BB-4434-9355-4E1C27B7DD01}.Release|Any CPU.ActiveCfg = Release|Any CPU
		{333EFFA0-18BB-4434-9355-4E1C27B7DD01}.Release|Any CPU.Build.0 = Release|Any CPU
	EndGlobalSection
	GlobalSection(SolutionProperties) = preSolution
		HideSolutionNode = FALSE
	EndGlobalSection
	GlobalSection(ExtensibilityGlobals) = postSolution
		SolutionGuid = {3E9817CF-192A-4873-9166-CEC4FAE06140}
	EndGlobalSection
EndGlobal
